
Microsoft Visual Studio Solution File, Format Version 12.00
# Visual Studio 15
VisualStudioVersion = 15.0.27130.2010
MinimumVisualStudioVersion = 10.0.40219.1
Project("{FAE04EC0-301F-11D3-BF4B-00C04F79EFBC}") = "WindowsFormsApp2", "WindowsFormsApp2\WindowsFormsApp2.csproj", "{54564B50-D0E2-433F-8523-E00B9B90E2C7}"
EndProject
Global
	GlobalSection(SolutionConfigurationPlatforms) = preSolution
		Debug|Any CPU = Debug|Any CPU
		Release|Any CPU = Release|Any CPU
	EndGlobalSection
	GlobalSection(ProjectConfigurationPlatforms) = postSolution
		{54564B50-D0E2-433F-8523-E00B9B90E2C7}.Debug|Any CPU.ActiveCfg = Debug|Any CPU
		{54564B50-D0E2-433F-8523-E00B9B90E2C7}.Debug|Any CPU.Build.0 = Debug|Any CPU
		{54564B50-D0E2-433F-8523-E00B9B90E2C7}.Release|Any CPU.ActiveCfg = Release|Any CPU
		{54564B50-D0E2-433F-8523-E00B9B90E2C7}.Release|Any CPU.Build.0 = Release|Any CPU
	EndGlobalSection
	GlobalSection(SolutionProperties) = preSolution
		HideSolutionNode = FALSE
	EndGlobalSection
	GlobalSection(ExtensibilityGlobals) = postSolution
		SolutionGuid = {B3C5BDA9-FD09-4483-B507-DA0B556F5717}
	EndGlobalSection
EndGlobal
